// !$*UTF8*$!
{
	archiveVersion = 1;
	classes = {
	};
	objectVersion = 55;
	objects = {

/* Begin PBXBuildFile section */
		E12638F3278EF16000774AE0 /* SverigesRadioApp_SwiftUIApp.swift in Sources */ = {isa = PBXBuildFile; fileRef = E12638F2278EF16000774AE0 /* SverigesRadioApp_SwiftUIApp.swift */; };
		E12638F5278EF16000774AE0 /* ContentView.swift in Sources */ = {isa = PBXBuildFile; fileRef = E12638F4278EF16000774AE0 /* ContentView.swift */; };
		E12638F7278EF16300774AE0 /* Assets.xcassets in Resources */ = {isa = PBXBuildFile; fileRef = E12638F6278EF16300774AE0 /* Assets.xcassets */; };
		E12638FA278EF16300774AE0 /* Preview Assets.xcassets in Resources */ = {isa = PBXBuildFile; fileRef = E12638F9278EF16300774AE0 /* Preview Assets.xcassets */; };
		E1263901278EF1B200774AE0 /* Channels.swift in Sources */ = {isa = PBXBuildFile; fileRef = E1263900278EF1B200774AE0 /* Channels.swift */; };
		E1263905278F736B00774AE0 /* Weather.swift in Sources */ = {isa = PBXBuildFile; fileRef = E1263904278F736B00774AE0 /* Weather.swift */; };
		E137288B278F894400A0AEA4 /* ToTryView.swift in Sources */ = {isa = PBXBuildFile; fileRef = E137288A278F894400A0AEA4 /* ToTryView.swift */; };
		E140EB9127AA73D200567B49 /* Constans.swift in Sources */ = {isa = PBXBuildFile; fileRef = E140EB9027AA73D200567B49 /* Constans.swift */; };
		E140EBD027B1DBBF00567B49 /* CustomTextField.swift in Sources */ = {isa = PBXBuildFile; fileRef = E140EBCF27B1DBBF00567B49 /* CustomTextField.swift */; };
		E140EBD227B2607600567B49 /* CustomSecureField.swift in Sources */ = {isa = PBXBuildFile; fileRef = E140EBD127B2607600567B49 /* CustomSecureField.swift */; };
		E140EBD627B28ECB00567B49 /* ProgramsShowInMainView.swift in Sources */ = {isa = PBXBuildFile; fileRef = E140EBD527B28ECB00567B49 /* ProgramsShowInMainView.swift */; };
		E140EBD827B2993C00567B49 /* RadioView.swift in Sources */ = {isa = PBXBuildFile; fileRef = E140EBD727B2993C00567B49 /* RadioView.swift */; };
		E140EBE027B2AECC00567B49 /* Kingfisher in Frameworks */ = {isa = PBXBuildFile; productRef = E140EBDF27B2AECC00567B49 /* Kingfisher */; };
		E18E96C027B70926005CBD9E /* ButtonView.swift in Sources */ = {isa = PBXBuildFile; fileRef = E18E96BF27B70926005CBD9E /* ButtonView.swift */; };
		E18E96C227B9AFA6005CBD9E /* ActivityViewController.swift in Sources */ = {isa = PBXBuildFile; fileRef = E18E96C127B9AFA6005CBD9E /* ActivityViewController.swift */; };
		E18E96D027BE5106005CBD9E /* RadioViewModel.swift in Sources */ = {isa = PBXBuildFile; fileRef = E18E96CF27BE5106005CBD9E /* RadioViewModel.swift */; };
		E18E96D227BE5B4A005CBD9E /* LikeButtonView.swift in Sources */ = {isa = PBXBuildFile; fileRef = E18E96D127BE5B4A005CBD9E /* LikeButtonView.swift */; };
		E19C4E4727907D63003A980A /* Programs.swift in Sources */ = {isa = PBXBuildFile; fileRef = E19C4E4627907D63003A980A /* Programs.swift */; };
		E19C4E6F2791ED54003A980A /* SDWebImageSwiftUI in Frameworks */ = {isa = PBXBuildFile; productRef = E19C4E6E2791ED54003A980A /* SDWebImageSwiftUI */; };
		E19C4E7527922052003A980A /* ImageViewSmall.swift in Sources */ = {isa = PBXBuildFile; fileRef = E19C4E7427922052003A980A /* ImageViewSmall.swift */; };
		E19C4E7727922B60003A980A /* SliderView.swift in Sources */ = {isa = PBXBuildFile; fileRef = E19C4E7627922B60003A980A /* SliderView.swift */; };
		E19C4E792792DF5C003A980A /* ParseController.swift in Sources */ = {isa = PBXBuildFile; fileRef = E19C4E782792DF5C003A980A /* ParseController.swift */; };
		E19C4E7E27933B89003A980A /* ProgramsView.swift in Sources */ = {isa = PBXBuildFile; fileRef = E19C4E7D27933B89003A980A /* ProgramsView.swift */; };
		E19C4E8027933CB5003A980A /* UrlWebView.swift in Sources */ = {isa = PBXBuildFile; fileRef = E19C4E7F27933CB5003A980A /* UrlWebView.swift */; };
		E19C4E8327943390003A980A /* FirebaseAuth in Frameworks */ = {isa = PBXBuildFile; productRef = E19C4E8227943390003A980A /* FirebaseAuth */; };
		E19C4E8527943390003A980A /* FirebaseFirestore in Frameworks */ = {isa = PBXBuildFile; productRef = E19C4E8427943390003A980A /* FirebaseFirestore */; };
		E19C4E8727943390003A980A /* FirebaseFirestoreSwift-Beta in Frameworks */ = {isa = PBXBuildFile; productRef = E19C4E8627943390003A980A /* FirebaseFirestoreSwift-Beta */; };
		E19C4E8927943390003A980A /* FirebaseStorage in Frameworks */ = {isa = PBXBuildFile; productRef = E19C4E8827943390003A980A /* FirebaseStorage */; };
		E19C4E8B279433B7003A980A /* InloggningView.swift in Sources */ = {isa = PBXBuildFile; fileRef = E19C4E8A279433B7003A980A /* InloggningView.swift */; };
		E19C4E8D27943ADB003A980A /* Styles.swift in Sources */ = {isa = PBXBuildFile; fileRef = E19C4E8C27943ADB003A980A /* Styles.swift */; };
		E19C4E9027943D9A003A980A /* RegisterView.swift in Sources */ = {isa = PBXBuildFile; fileRef = E19C4E8F27943D9A003A980A /* RegisterView.swift */; };
		E19C4E9227948565003A980A /* GoogleService-Info.plist in Resources */ = {isa = PBXBuildFile; fileRef = E19C4E9127948565003A980A /* GoogleService-Info.plist */; };
		E19C4E9427948594003A980A /* Users.swift in Sources */ = {isa = PBXBuildFile; fileRef = E19C4E9327948594003A980A /* Users.swift */; };
		E19C4EB427957501003A980A /* LoginView.swift in Sources */ = {isa = PBXBuildFile; fileRef = E19C4EB327957501003A980A /* LoginView.swift */; };
		E19C4EBB27959165003A980A /* ProgramsShowView.swift in Sources */ = {isa = PBXBuildFile; fileRef = E19C4EBA27959165003A980A /* ProgramsShowView.swift */; };
		E19C4EBD2795A5EB003A980A /* ChannelsShowView.swift in Sources */ = {isa = PBXBuildFile; fileRef = E19C4EBC2795A5EB003A980A /* ChannelsShowView.swift */; };
		E19C4EC127973636003A980A /* HexStringToUIColor.swift in Sources */ = {isa = PBXBuildFile; fileRef = E19C4EC027973635003A980A /* HexStringToUIColor.swift */; };
		E19C4EC327976852003A980A /* SideMenuView.swift in Sources */ = {isa = PBXBuildFile; fileRef = E19C4EC227976852003A980A /* SideMenuView.swift */; };
		E19C4EC52797696D003A980A /* SideMenuOptionsView.swift in Sources */ = {isa = PBXBuildFile; fileRef = E19C4EC42797696D003A980A /* SideMenuOptionsView.swift */; };
		E19C4EC72797702E003A980A /* SideMenuHeaderView.swift in Sources */ = {isa = PBXBuildFile; fileRef = E19C4EC62797702E003A980A /* SideMenuHeaderView.swift */; };
		E19C4EC9279770BF003A980A /* SideMenuViewModel.swift in Sources */ = {isa = PBXBuildFile; fileRef = E19C4EC8279770BF003A980A /* SideMenuViewModel.swift */; };
		E19C4F15279809D0003A980A /* ChannelsVerticalView.swift in Sources */ = {isa = PBXBuildFile; fileRef = E19C4F14279809CF003A980A /* ChannelsVerticalView.swift */; };
		E19C4F1927982306003A980A /* MyPageView.swift in Sources */ = {isa = PBXBuildFile; fileRef = E19C4F1827982306003A980A /* MyPageView.swift */; };
		E19C4F1B279844B4003A980A /* CategoriesView.swift in Sources */ = {isa = PBXBuildFile; fileRef = E19C4F1A279844B4003A980A /* CategoriesView.swift */; };
		E19C4F5E279AD547003A980A /* MenuInCategoryView.swift in Sources */ = {isa = PBXBuildFile; fileRef = E19C4F5D279AD546003A980A /* MenuInCategoryView.swift */; };
		E19C4F60279AD68D003A980A /* CategoriesModel.swift in Sources */ = {isa = PBXBuildFile; fileRef = E19C4F5F279AD68D003A980A /* CategoriesModel.swift */; };
		E19C4F7C279B8736003A980A /* ProgramsRowView.swift in Sources */ = {isa = PBXBuildFile; fileRef = E19C4F7B279B8735003A980A /* ProgramsRowView.swift */; };
/* End PBXBuildFile section */

/* Begin PBXFileReference section */
		E12638EF278EF16000774AE0 /* SverigesRadioApp-SwiftUI.app */ = {isa = PBXFileReference; explicitFileType = wrapper.application; includeInIndex = 0; path = "SverigesRadioApp-SwiftUI.app"; sourceTree = BUILT_PRODUCTS_DIR; };
		E12638F2278EF16000774AE0 /* SverigesRadioApp_SwiftUIApp.swift */ = {isa = PBXFileReference; lastKnownFileType = sourcecode.swift; path = SverigesRadioApp_SwiftUIApp.swift; sourceTree = "<group>"; };
		E12638F4278EF16000774AE0 /* ContentView.swift */ = {isa = PBXFileReference; lastKnownFileType = sourcecode.swift; path = ContentView.swift; sourceTree = "<group>"; };
		E12638F6278EF16300774AE0 /* Assets.xcassets */ = {isa = PBXFileReference; lastKnownFileType = folder.assetcatalog; path = Assets.xcassets; sourceTree = "<group>"; };
		E12638F9278EF16300774AE0 /* Preview Assets.xcassets */ = {isa = PBXFileReference; lastKnownFileType = folder.assetcatalog; path = "Preview Assets.xcassets"; sourceTree = "<group>"; };
		E1263900278EF1B200774AE0 /* Channels.swift */ = {isa = PBXFileReference; lastKnownFileType = sourcecode.swift; path = Channels.swift; sourceTree = "<group>"; };
		E1263904278F736B00774AE0 /* Weather.swift */ = {isa = PBXFileReference; lastKnownFileType = sourcecode.swift; path = Weather.swift; sourceTree = "<group>"; };
		E137288A278F894400A0AEA4 /* ToTryView.swift */ = {isa = PBXFileReference; lastKnownFileType = sourcecode.swift; path = ToTryView.swift; sourceTree = "<group>"; };
		E140EB9027AA73D200567B49 /* Constans.swift */ = {isa = PBXFileReference; lastKnownFileType = sourcecode.swift; path = Constans.swift; sourceTree = "<group>"; };
		E140EBCF27B1DBBF00567B49 /* CustomTextField.swift */ = {isa = PBXFileReference; lastKnownFileType = sourcecode.swift; path = CustomTextField.swift; sourceTree = "<group>"; };
		E140EBD127B2607600567B49 /* CustomSecureField.swift */ = {isa = PBXFileReference; lastKnownFileType = sourcecode.swift; path = CustomSecureField.swift; sourceTree = "<group>"; };
		E140EBD527B28ECB00567B49 /* ProgramsShowInMainView.swift */ = {isa = PBXFileReference; lastKnownFileType = sourcecode.swift; path = ProgramsShowInMainView.swift; sourceTree = "<group>"; };
		E140EBD727B2993C00567B49 /* RadioView.swift */ = {isa = PBXFileReference; lastKnownFileType = sourcecode.swift; path = RadioView.swift; sourceTree = "<group>"; };
		E18E96BF27B70926005CBD9E /* ButtonView.swift */ = {isa = PBXFileReference; lastKnownFileType = sourcecode.swift; path = ButtonView.swift; sourceTree = "<group>"; };
		E18E96C127B9AFA6005CBD9E /* ActivityViewController.swift */ = {isa = PBXFileReference; lastKnownFileType = sourcecode.swift; path = ActivityViewController.swift; sourceTree = "<group>"; };
		E18E96CF27BE5106005CBD9E /* RadioViewModel.swift */ = {isa = PBXFileReference; lastKnownFileType = sourcecode.swift; path = RadioViewModel.swift; sourceTree = "<group>"; };
		E18E96D127BE5B4A005CBD9E /* LikeButtonView.swift */ = {isa = PBXFileReference; lastKnownFileType = sourcecode.swift; path = LikeButtonView.swift; sourceTree = "<group>"; };
		E19C4E4627907D63003A980A /* Programs.swift */ = {isa = PBXFileReference; lastKnownFileType = sourcecode.swift; path = Programs.swift; sourceTree = "<group>"; };
		E19C4E7427922052003A980A /* ImageViewSmall.swift */ = {isa = PBXFileReference; lastKnownFileType = sourcecode.swift; path = ImageViewSmall.swift; sourceTree = "<group>"; };
		E19C4E7627922B60003A980A /* SliderView.swift */ = {isa = PBXFileReference; lastKnownFileType = sourcecode.swift; path = SliderView.swift; sourceTree = "<group>"; };
		E19C4E782792DF5C003A980A /* ParseController.swift */ = {isa = PBXFileReference; lastKnownFileType = sourcecode.swift; path = ParseController.swift; sourceTree = "<group>"; };
		E19C4E7D27933B89003A980A /* ProgramsView.swift */ = {isa = PBXFileReference; lastKnownFileType = sourcecode.swift; path = ProgramsView.swift; sourceTree = "<group>"; };
		E19C4E7F27933CB5003A980A /* UrlWebView.swift */ = {isa = PBXFileReference; lastKnownFileType = sourcecode.swift; path = UrlWebView.swift; sourceTree = "<group>"; };
		E19C4E8A279433B7003A980A /* InloggningView.swift */ = {isa = PBXFileReference; lastKnownFileType = sourcecode.swift; path = InloggningView.swift; sourceTree = "<group>"; };
		E19C4E8C27943ADB003A980A /* Styles.swift */ = {isa = PBXFileReference; lastKnownFileType = sourcecode.swift; path = Styles.swift; sourceTree = "<group>"; };
		E19C4E8F27943D9A003A980A /* RegisterView.swift */ = {isa = PBXFileReference; lastKnownFileType = sourcecode.swift; path = RegisterView.swift; sourceTree = "<group>"; };
		E19C4E9127948565003A980A /* GoogleService-Info.plist */ = {isa = PBXFileReference; fileEncoding = 4; lastKnownFileType = text.plist.xml; path = "GoogleService-Info.plist"; sourceTree = "<group>"; };
		E19C4E9327948594003A980A /* Users.swift */ = {isa = PBXFileReference; lastKnownFileType = sourcecode.swift; path = Users.swift; sourceTree = "<group>"; };
		E19C4EB327957501003A980A /* LoginView.swift */ = {isa = PBXFileReference; lastKnownFileType = sourcecode.swift; path = LoginView.swift; sourceTree = "<group>"; };
		E19C4EBA27959165003A980A /* ProgramsShowView.swift */ = {isa = PBXFileReference; lastKnownFileType = sourcecode.swift; path = ProgramsShowView.swift; sourceTree = "<group>"; };
		E19C4EBC2795A5EB003A980A /* ChannelsShowView.swift */ = {isa = PBXFileReference; lastKnownFileType = sourcecode.swift; path = ChannelsShowView.swift; sourceTree = "<group>"; };
		E19C4EC027973635003A980A /* HexStringToUIColor.swift */ = {isa = PBXFileReference; lastKnownFileType = sourcecode.swift; path = HexStringToUIColor.swift; sourceTree = "<group>"; };
		E19C4EC227976852003A980A /* SideMenuView.swift */ = {isa = PBXFileReference; lastKnownFileType = sourcecode.swift; path = SideMenuView.swift; sourceTree = "<group>"; };
		E19C4EC42797696D003A980A /* SideMenuOptionsView.swift */ = {isa = PBXFileReference; lastKnownFileType = sourcecode.swift; path = SideMenuOptionsView.swift; sourceTree = "<group>"; };
		E19C4EC62797702E003A980A /* SideMenuHeaderView.swift */ = {isa = PBXFileReference; lastKnownFileType = sourcecode.swift; path = SideMenuHeaderView.swift; sourceTree = "<group>"; };
		E19C4EC8279770BF003A980A /* SideMenuViewModel.swift */ = {isa = PBXFileReference; lastKnownFileType = sourcecode.swift; path = SideMenuViewModel.swift; sourceTree = "<group>"; };
		E19C4F14279809CF003A980A /* ChannelsVerticalView.swift */ = {isa = PBXFileReference; lastKnownFileType = sourcecode.swift; path = ChannelsVerticalView.swift; sourceTree = "<group>"; };
		E19C4F1827982306003A980A /* MyPageView.swift */ = {isa = PBXFileReference; lastKnownFileType = sourcecode.swift; path = MyPageView.swift; sourceTree = "<group>"; };
		E19C4F1A279844B4003A980A /* CategoriesView.swift */ = {isa = PBXFileReference; lastKnownFileType = sourcecode.swift; path = CategoriesView.swift; sourceTree = "<group>"; };
		E19C4F5D279AD546003A980A /* MenuInCategoryView.swift */ = {isa = PBXFileReference; lastKnownFileType = sourcecode.swift; path = MenuInCategoryView.swift; sourceTree = "<group>"; };
		E19C4F5F279AD68D003A980A /* CategoriesModel.swift */ = {isa = PBXFileReference; lastKnownFileType = sourcecode.swift; path = CategoriesModel.swift; sourceTree = "<group>"; };
		E19C4F7B279B8735003A980A /* ProgramsRowView.swift */ = {isa = PBXFileReference; lastKnownFileType = sourcecode.swift; path = ProgramsRowView.swift; sourceTree = "<group>"; };
/* End PBXFileReference section */

/* Begin PBXFrameworksBuildPhase section */
		E12638EC278EF16000774AE0 /* Frameworks */ = {
			isa = PBXFrameworksBuildPhase;
			buildActionMask = 2147483647;
			files = (
				E19C4E6F2791ED54003A980A /* SDWebImageSwiftUI in Frameworks */,
				E19C4E8727943390003A980A /* FirebaseFirestoreSwift-Beta in Frameworks */,
				E19C4E8327943390003A980A /* FirebaseAuth in Frameworks */,
				E19C4E8927943390003A980A /* FirebaseStorage in Frameworks */,
				E140EBE027B2AECC00567B49 /* Kingfisher in Frameworks */,
				E19C4E8527943390003A980A /* FirebaseFirestore in Frameworks */,
			);
			runOnlyForDeploymentPostprocessing = 0;
		};
/* End PBXFrameworksBuildPhase section */

/* Begin PBXGroup section */
		E12638E6278EF16000774AE0 = {
			isa = PBXGroup;
			children = (
				E12638F1278EF16000774AE0 /* SverigesRadioApp-SwiftUI */,
				E12638F0278EF16000774AE0 /* Products */,
			);
			sourceTree = "<group>";
		};
		E12638F0278EF16000774AE0 /* Products */ = {
			isa = PBXGroup;
			children = (
				E12638EF278EF16000774AE0 /* SverigesRadioApp-SwiftUI.app */,
			);
			name = Products;
			sourceTree = "<group>";
		};
		E12638F1278EF16000774AE0 /* SverigesRadioApp-SwiftUI */ = {
			isa = PBXGroup;
			children = (
				E140EB8F27AA73C400567B49 /* Utils */,
				E19C4E7C27933B54003A980A /* Model */,
				E19C4E7B27933B3E003A980A /* View */,
				E19C4E7A2792E924003A980A /* Extra */,
				E12638F2278EF16000774AE0 /* SverigesRadioApp_SwiftUIApp.swift */,
				E12638F6278EF16300774AE0 /* Assets.xcassets */,
				E12638F8278EF16300774AE0 /* Preview Content */,
			);
			path = "SverigesRadioApp-SwiftUI";
			sourceTree = "<group>";
		};
		E12638F8278EF16300774AE0 /* Preview Content */ = {
			isa = PBXGroup;
			children = (
				E19C4E9127948565003A980A /* GoogleService-Info.plist */,
				E12638F9278EF16300774AE0 /* Preview Assets.xcassets */,
			);
			path = "Preview Content";
			sourceTree = "<group>";
		};
		E140EB8F27AA73C400567B49 /* Utils */ = {
			isa = PBXGroup;
			children = (
				E140EB9027AA73D200567B49 /* Constans.swift */,
				E19C4E7427922052003A980A /* ImageViewSmall.swift */,
				E140EBCF27B1DBBF00567B49 /* CustomTextField.swift */,
				E140EBD127B2607600567B49 /* CustomSecureField.swift */,
				E18E96BF27B70926005CBD9E /* ButtonView.swift */,
				E18E96C127B9AFA6005CBD9E /* ActivityViewController.swift */,
			);
			path = Utils;
			sourceTree = "<group>";
		};
		E16AF8CF279CCF5D0009A6AA /* Programs */ = {
			isa = PBXGroup;
			children = (
				E19C4EBA27959165003A980A /* ProgramsShowView.swift */,
				E19C4F7B279B8735003A980A /* ProgramsRowView.swift */,
				E19C4E7D27933B89003A980A /* ProgramsView.swift */,
				E140EBD527B28ECB00567B49 /* ProgramsShowInMainView.swift */,
			);
			path = Programs;
			sourceTree = "<group>";
		};
		E16AF8D0279CCF7A0009A6AA /* Channels */ = {
			isa = PBXGroup;
			children = (
				E19C4EBC2795A5EB003A980A /* ChannelsShowView.swift */,
				E19C4F14279809CF003A980A /* ChannelsVerticalView.swift */,
				E140EBD727B2993C00567B49 /* RadioView.swift */,
				E18E96D127BE5B4A005CBD9E /* LikeButtonView.swift */,
			);
			path = Channels;
			sourceTree = "<group>";
		};
		E16AF8D1279CCF960009A6AA /* Categories */ = {
			isa = PBXGroup;
			children = (
				E19C4F5D279AD546003A980A /* MenuInCategoryView.swift */,
				E19C4F1A279844B4003A980A /* CategoriesView.swift */,
			);
			path = Categories;
			sourceTree = "<group>";
		};
		E16AF8D2279CCFAD0009A6AA /* Login */ = {
			isa = PBXGroup;
			children = (
				E19C4F1827982306003A980A /* MyPageView.swift */,
				E19C4E8A279433B7003A980A /* InloggningView.swift */,
				E19C4E8F27943D9A003A980A /* RegisterView.swift */,
				E19C4EB327957501003A980A /* LoginView.swift */,
			);
			path = Login;
			sourceTree = "<group>";
		};
		E19C4E7A2792E924003A980A /* Extra */ = {
			isa = PBXGroup;
			children = (
				E1263904278F736B00774AE0 /* Weather.swift */,
				E137288A278F894400A0AEA4 /* ToTryView.swift */,
				E19C4E7627922B60003A980A /* SliderView.swift */,
				E19C4E782792DF5C003A980A /* ParseController.swift */,
			);
			path = Extra;
			sourceTree = "<group>";
		};
		E19C4E7B27933B3E003A980A /* View */ = {
			isa = PBXGroup;
			children = (
				E19C4ECA279770CB003A980A /* SideMenu */,
				E16AF8D2279CCFAD0009A6AA /* Login */,
				E16AF8D1279CCF960009A6AA /* Categories */,
				E16AF8D0279CCF7A0009A6AA /* Channels */,
				E16AF8CF279CCF5D0009A6AA /* Programs */,
				E12638F4278EF16000774AE0 /* ContentView.swift */,
			);
			path = View;
			sourceTree = "<group>";
		};
		E19C4E7C27933B54003A980A /* Model */ = {
			isa = PBXGroup;
			children = (
				E1263900278EF1B200774AE0 /* Channels.swift */,
				E19C4E4627907D63003A980A /* Programs.swift */,
				E19C4E7F27933CB5003A980A /* UrlWebView.swift */,
				E19C4E8C27943ADB003A980A /* Styles.swift */,
				E19C4E9327948594003A980A /* Users.swift */,
				E19C4EC027973635003A980A /* HexStringToUIColor.swift */,
				E19C4F5F279AD68D003A980A /* CategoriesModel.swift */,
				E18E96CF27BE5106005CBD9E /* RadioViewModel.swift */,
			);
			path = Model;
			sourceTree = "<group>";
		};
		E19C4ECA279770CB003A980A /* SideMenu */ = {
			isa = PBXGroup;
			children = (
				E19C4EC227976852003A980A /* SideMenuView.swift */,
				E19C4EC42797696D003A980A /* SideMenuOptionsView.swift */,
				E19C4EC62797702E003A980A /* SideMenuHeaderView.swift */,
				E19C4EC8279770BF003A980A /* SideMenuViewModel.swift */,
			);
			path = SideMenu;
			sourceTree = "<group>";
		};
/* End PBXGroup section */

/* Begin PBXNativeTarget section */
		E12638EE278EF16000774AE0 /* SverigesRadioApp-SwiftUI */ = {
			isa = PBXNativeTarget;
			buildConfigurationList = E12638FD278EF16300774AE0 /* Build configuration list for PBXNativeTarget "SverigesRadioApp-SwiftUI" */;
			buildPhases = (
				E12638EB278EF16000774AE0 /* Sources */,
				E12638EC278EF16000774AE0 /* Frameworks */,
				E12638ED278EF16000774AE0 /* Resources */,
			);
			buildRules = (
			);
			dependencies = (
			);
			name = "SverigesRadioApp-SwiftUI";
			packageProductDependencies = (
				E19C4E6E2791ED54003A980A /* SDWebImageSwiftUI */,
				E19C4E8227943390003A980A /* FirebaseAuth */,
				E19C4E8427943390003A980A /* FirebaseFirestore */,
				E19C4E8627943390003A980A /* FirebaseFirestoreSwift-Beta */,
				E19C4E8827943390003A980A /* FirebaseStorage */,
				E140EBDF27B2AECC00567B49 /* Kingfisher */,
			);
			productName = "SverigesRadioApp-SwiftUI";
			productReference = E12638EF278EF16000774AE0 /* SverigesRadioApp-SwiftUI.app */;
			productType = "com.apple.product-type.application";
		};
/* End PBXNativeTarget section */

/* Begin PBXProject section */
		E12638E7278EF16000774AE0 /* Project object */ = {
			isa = PBXProject;
			attributes = {
				BuildIndependentTargetsInParallel = 1;
				LastSwiftUpdateCheck = 1320;
				LastUpgradeCheck = 1320;
				TargetAttributes = {
					E12638EE278EF16000774AE0 = {
						CreatedOnToolsVersion = 13.2.1;
					};
				};
			};
			buildConfigurationList = E12638EA278EF16000774AE0 /* Build configuration list for PBXProject "SverigesRadioApp-SwiftUI" */;
			compatibilityVersion = "Xcode 13.0";
			developmentRegion = en;
			hasScannedForEncodings = 0;
			knownRegions = (
				en,
				Base,
			);
			mainGroup = E12638E6278EF16000774AE0;
			packageReferences = (
				E19C4E6D2791ED54003A980A /* XCRemoteSwiftPackageReference "SDWebImageSwiftUI" */,
				E19C4E8127943390003A980A /* XCRemoteSwiftPackageReference "firebase-ios-sdk" */,
				E140EBDE27B2AECB00567B49 /* XCRemoteSwiftPackageReference "KingFisher" */,
			);
			productRefGroup = E12638F0278EF16000774AE0 /* Products */;
			projectDirPath = "";
			projectRoot = "";
			targets = (
				E12638EE278EF16000774AE0 /* SverigesRadioApp-SwiftUI */,
			);
		};
/* End PBXProject section */

/* Begin PBXResourcesBuildPhase section */
		E12638ED278EF16000774AE0 /* Resources */ = {
			isa = PBXResourcesBuildPhase;
			buildActionMask = 2147483647;
			files = (
				E12638FA278EF16300774AE0 /* Preview Assets.xcassets in Resources */,
				E19C4E9227948565003A980A /* GoogleService-Info.plist in Resources */,
				E12638F7278EF16300774AE0 /* Assets.xcassets in Resources */,
			);
			runOnlyForDeploymentPostprocessing = 0;
		};
/* End PBXResourcesBuildPhase section */

/* Begin PBXSourcesBuildPhase section */
		E12638EB278EF16000774AE0 /* Sources */ = {
			isa = PBXSourcesBuildPhase;
			buildActionMask = 2147483647;
			files = (
				E19C4E9027943D9A003A980A /* RegisterView.swift in Sources */,
				E19C4F7C279B8736003A980A /* ProgramsRowView.swift in Sources */,
				E18E96C027B70926005CBD9E /* ButtonView.swift in Sources */,
				E19C4EBD2795A5EB003A980A /* ChannelsShowView.swift in Sources */,
				E19C4F60279AD68D003A980A /* CategoriesModel.swift in Sources */,
				E19C4F5E279AD547003A980A /* MenuInCategoryView.swift in Sources */,
				E19C4EC9279770BF003A980A /* SideMenuViewModel.swift in Sources */,
				E19C4E7727922B60003A980A /* SliderView.swift in Sources */,
				E140EB9127AA73D200567B49 /* Constans.swift in Sources */,
				E18E96D227BE5B4A005CBD9E /* LikeButtonView.swift in Sources */,
				E140EBD627B28ECB00567B49 /* ProgramsShowInMainView.swift in Sources */,
				E1263905278F736B00774AE0 /* Weather.swift in Sources */,
				E19C4F1B279844B4003A980A /* CategoriesView.swift in Sources */,
				E1263901278EF1B200774AE0 /* Channels.swift in Sources */,
				E18E96C227B9AFA6005CBD9E /* ActivityViewController.swift in Sources */,
				E137288B278F894400A0AEA4 /* ToTryView.swift in Sources */,
				E19C4EB427957501003A980A /* LoginView.swift in Sources */,
				E18E96D027BE5106005CBD9E /* RadioViewModel.swift in Sources */,
				E19C4EC52797696D003A980A /* SideMenuOptionsView.swift in Sources */,
				E19C4E8027933CB5003A980A /* UrlWebView.swift in Sources */,
				E12638F5278EF16000774AE0 /* ContentView.swift in Sources */,
				E19C4EC72797702E003A980A /* SideMenuHeaderView.swift in Sources */,
				E19C4F1927982306003A980A /* MyPageView.swift in Sources */,
				E140EBD827B2993C00567B49 /* RadioView.swift in Sources */,
				E19C4E8D27943ADB003A980A /* Styles.swift in Sources */,
				E19C4E4727907D63003A980A /* Programs.swift in Sources */,
				E19C4E9427948594003A980A /* Users.swift in Sources */,
				E140EBD027B1DBBF00567B49 /* CustomTextField.swift in Sources */,
				E19C4EBB27959165003A980A /* ProgramsShowView.swift in Sources */,
				E19C4F15279809D0003A980A /* ChannelsVerticalView.swift in Sources */,
				E12638F3278EF16000774AE0 /* SverigesRadioApp_SwiftUIApp.swift in Sources */,
				E140EBD227B2607600567B49 /* CustomSecureField.swift in Sources */,
				E19C4EC127973636003A980A /* HexStringToUIColor.swift in Sources */,
				E19C4EC327976852003A980A /* SideMenuView.swift in Sources */,
				E19C4E7527922052003A980A /* ImageViewSmall.swift in Sources */,
				E19C4E8B279433B7003A980A /* InloggningView.swift in Sources */,
				E19C4E7E27933B89003A980A /* ProgramsView.swift in Sources */,
				E19C4E792792DF5C003A980A /* ParseController.swift in Sources */,
			);
			runOnlyForDeploymentPostprocessing = 0;
		};
/* End PBXSourcesBuildPhase section */

/* Begin XCBuildConfiguration section */
		E12638FB278EF16300774AE0 /* Debug */ = {
			isa = XCBuildConfiguration;
			buildSettings = {
				ALWAYS_SEARCH_USER_PATHS = NO;
				CLANG_ANALYZER_NONNULL = YES;
				CLANG_ANALYZER_NUMBER_OBJECT_CONVERSION = YES_AGGRESSIVE;
				CLANG_CXX_LANGUAGE_STANDARD = "gnu++17";
				CLANG_CXX_LIBRARY = "libc++";
				CLANG_ENABLE_MODULES = YES;
				CLANG_ENABLE_OBJC_ARC = YES;
				CLANG_ENABLE_OBJC_WEAK = YES;
				CLANG_WARN_BLOCK_CAPTURE_AUTORELEASING = YES;
				CLANG_WARN_BOOL_CONVERSION = YES;
				CLANG_WARN_COMMA = YES;
				CLANG_WARN_CONSTANT_CONVERSION = YES;
				CLANG_WARN_DEPRECATED_OBJC_IMPLEMENTATIONS = YES;
				CLANG_WARN_DIRECT_OBJC_ISA_USAGE = YES_ERROR;
				CLANG_WARN_DOCUMENTATION_COMMENTS = YES;
				CLANG_WARN_EMPTY_BODY = YES;
				CLANG_WARN_ENUM_CONVERSION = YES;
				CLANG_WARN_INFINITE_RECURSION = YES;
				CLANG_WARN_INT_CONVERSION = YES;
				CLANG_WARN_NON_LITERAL_NULL_CONVERSION = YES;
				CLANG_WARN_OBJC_IMPLICIT_RETAIN_SELF = YES;
				CLANG_WARN_OBJC_LITERAL_CONVERSION = YES;
				CLANG_WARN_OBJC_ROOT_CLASS = YES_ERROR;
				CLANG_WARN_QUOTED_INCLUDE_IN_FRAMEWORK_HEADER = YES;
				CLANG_WARN_RANGE_LOOP_ANALYSIS = YES;
				CLANG_WARN_STRICT_PROTOTYPES = YES;
				CLANG_WARN_SUSPICIOUS_MOVE = YES;
				CLANG_WARN_UNGUARDED_AVAILABILITY = YES_AGGRESSIVE;
				CLANG_WARN_UNREACHABLE_CODE = YES;
				CLANG_WARN__DUPLICATE_METHOD_MATCH = YES;
				COPY_PHASE_STRIP = NO;
				DEBUG_INFORMATION_FORMAT = dwarf;
				ENABLE_STRICT_OBJC_MSGSEND = YES;
				ENABLE_TESTABILITY = YES;
				GCC_C_LANGUAGE_STANDARD = gnu11;
				GCC_DYNAMIC_NO_PIC = NO;
				GCC_NO_COMMON_BLOCKS = YES;
				GCC_OPTIMIZATION_LEVEL = 0;
				GCC_PREPROCESSOR_DEFINITIONS = (
					"DEBUG=1",
					"$(inherited)",
				);
				GCC_WARN_64_TO_32_BIT_CONVERSION = YES;
				GCC_WARN_ABOUT_RETURN_TYPE = YES_ERROR;
				GCC_WARN_UNDECLARED_SELECTOR = YES;
				GCC_WARN_UNINITIALIZED_AUTOS = YES_AGGRESSIVE;
				GCC_WARN_UNUSED_FUNCTION = YES;
				GCC_WARN_UNUSED_VARIABLE = YES;
				IPHONEOS_DEPLOYMENT_TARGET = 15.2;
				MTL_ENABLE_DEBUG_INFO = INCLUDE_SOURCE;
				MTL_FAST_MATH = YES;
				ONLY_ACTIVE_ARCH = YES;
				SDKROOT = iphoneos;
				SWIFT_ACTIVE_COMPILATION_CONDITIONS = DEBUG;
				SWIFT_OPTIMIZATION_LEVEL = "-Onone";
			};
			name = Debug;
		};
		E12638FC278EF16300774AE0 /* Release */ = {
			isa = XCBuildConfiguration;
			buildSettings = {
				ALWAYS_SEARCH_USER_PATHS = NO;
				CLANG_ANALYZER_NONNULL = YES;
				CLANG_ANALYZER_NUMBER_OBJECT_CONVERSION = YES_AGGRESSIVE;
				CLANG_CXX_LANGUAGE_STANDARD = "gnu++17";
				CLANG_CXX_LIBRARY = "libc++";
				CLANG_ENABLE_MODULES = YES;
				CLANG_ENABLE_OBJC_ARC = YES;
				CLANG_ENABLE_OBJC_WEAK = YES;
				CLANG_WARN_BLOCK_CAPTURE_AUTORELEASING = YES;
				CLANG_WARN_BOOL_CONVERSION = YES;
				CLANG_WARN_COMMA = YES;
				CLANG_WARN_CONSTANT_CONVERSION = YES;
				CLANG_WARN_DEPRECATED_OBJC_IMPLEMENTATIONS = YES;
				CLANG_WARN_DIRECT_OBJC_ISA_USAGE = YES_ERROR;
				CLANG_WARN_DOCUMENTATION_COMMENTS = YES;
				CLANG_WARN_EMPTY_BODY = YES;
				CLANG_WARN_ENUM_CONVERSION = YES;
				CLANG_WARN_INFINITE_RECURSION = YES;
				CLANG_WARN_INT_CONVERSION = YES;
				CLANG_WARN_NON_LITERAL_NULL_CONVERSION = YES;
				CLANG_WARN_OBJC_IMPLICIT_RETAIN_SELF = YES;
				CLANG_WARN_OBJC_LITERAL_CONVERSION = YES;
				CLANG_WARN_OBJC_ROOT_CLASS = YES_ERROR;
				CLANG_WARN_QUOTED_INCLUDE_IN_FRAMEWORK_HEADER = YES;
				CLANG_WARN_RANGE_LOOP_ANALYSIS = YES;
				CLANG_WARN_STRICT_PROTOTYPES = YES;
				CLANG_WARN_SUSPICIOUS_MOVE = YES;
				CLANG_WARN_UNGUARDED_AVAILABILITY = YES_AGGRESSIVE;
				CLANG_WARN_UNREACHABLE_CODE = YES;
				CLANG_WARN__DUPLICATE_METHOD_MATCH = YES;
				COPY_PHASE_STRIP = NO;
				DEBUG_INFORMATION_FORMAT = "dwarf-with-dsym";
				ENABLE_NS_ASSERTIONS = NO;
				ENABLE_STRICT_OBJC_MSGSEND = YES;
				GCC_C_LANGUAGE_STANDARD = gnu11;
				GCC_NO_COMMON_BLOCKS = YES;
				GCC_WARN_64_TO_32_BIT_CONVERSION = YES;
				GCC_WARN_ABOUT_RETURN_TYPE = YES_ERROR;
				GCC_WARN_UNDECLARED_SELECTOR = YES;
				GCC_WARN_UNINITIALIZED_AUTOS = YES_AGGRESSIVE;
				GCC_WARN_UNUSED_FUNCTION = YES;
				GCC_WARN_UNUSED_VARIABLE = YES;
				IPHONEOS_DEPLOYMENT_TARGET = 15.2;
				MTL_ENABLE_DEBUG_INFO = NO;
				MTL_FAST_MATH = YES;
				SDKROOT = iphoneos;
				SWIFT_COMPILATION_MODE = wholemodule;
				SWIFT_OPTIMIZATION_LEVEL = "-O";
				VALIDATE_PRODUCT = YES;
			};
			name = Release;
		};
		E12638FE278EF16300774AE0 /* Debug */ = {
			isa = XCBuildConfiguration;
			buildSettings = {
				ASSETCATALOG_COMPILER_APPICON_NAME = AppIcon;
				ASSETCATALOG_COMPILER_GLOBAL_ACCENT_COLOR_NAME = AccentColor;
				CODE_SIGN_STYLE = Automatic;
				CURRENT_PROJECT_VERSION = 1;
				DEVELOPMENT_ASSET_PATHS = "\"SverigesRadioApp-SwiftUI/Preview Content\"";
				DEVELOPMENT_TEAM = 837WHX2UV7;
				ENABLE_PREVIEWS = YES;
				GENERATE_INFOPLIST_FILE = YES;
				INFOPLIST_KEY_UIApplicationSceneManifest_Generation = YES;
				INFOPLIST_KEY_UIApplicationSupportsIndirectInputEvents = YES;
				INFOPLIST_KEY_UILaunchScreen_Generation = YES;
				INFOPLIST_KEY_UISupportedInterfaceOrientations_iPad = "UIInterfaceOrientationPortrait UIInterfaceOrientationPortraitUpsideDown UIInterfaceOrientationLandscapeLeft UIInterfaceOrientationLandscapeRight";
				INFOPLIST_KEY_UISupportedInterfaceOrientations_iPhone = "UIInterfaceOrientationPortrait UIInterfaceOrientationLandscapeLeft UIInterfaceOrientationLandscapeRight";
				LD_RUNPATH_SEARCH_PATHS = (
					"$(inherited)",
					"@executable_path/Frameworks",
				);
				MARKETING_VERSION = 1.0;
				PRODUCT_BUNDLE_IDENTIFIER = "nureddinelmas.SverigesRadioApp-SwiftUI";
				PRODUCT_NAME = "$(TARGET_NAME)";
				SWIFT_EMIT_LOC_STRINGS = YES;
				SWIFT_VERSION = 5.0;
				TARGETED_DEVICE_FAMILY = "1,2";
			};
			name = Debug;
		};
		E12638FF278EF16300774AE0 /* Release */ = {
			isa = XCBuildConfiguration;
			buildSettings = {
				ASSETCATALOG_COMPILER_APPICON_NAME = AppIcon;
				ASSETCATALOG_COMPILER_GLOBAL_ACCENT_COLOR_NAME = AccentColor;
				CODE_SIGN_STYLE = Automatic;
				CURRENT_PROJECT_VERSION = 1;
				DEVELOPMENT_ASSET_PATHS = "\"SverigesRadioApp-SwiftUI/Preview Content\"";
				DEVELOPMENT_TEAM = 837WHX2UV7;
				ENABLE_PREVIEWS = YES;
				GENERATE_INFOPLIST_FILE = YES;
				INFOPLIST_KEY_UIApplicationSceneManifest_Generation = YES;
				INFOPLIST_KEY_UIApplicationSupportsIndirectInputEvents = YES;
				INFOPLIST_KEY_UILaunchScreen_Generation = YES;
				INFOPLIST_KEY_UISupportedInterfaceOrientations_iPad = "UIInterfaceOrientationPortrait UIInterfaceOrientationPortraitUpsideDown UIInterfaceOrientationLandscapeLeft UIInterfaceOrientationLandscapeRight";
				INFOPLIST_KEY_UISupportedInterfaceOrientations_iPhone = "UIInterfaceOrientationPortrait UIInterfaceOrientationLandscapeLeft UIInterfaceOrientationLandscapeRight";
				LD_RUNPATH_SEARCH_PATHS = (
					"$(inherited)",
					"@executable_path/Frameworks",
				);
				MARKETING_VERSION = 1.0;
				PRODUCT_BUNDLE_IDENTIFIER = "nureddinelmas.SverigesRadioApp-SwiftUI";
				PRODUCT_NAME = "$(TARGET_NAME)";
				SWIFT_EMIT_LOC_STRINGS = YES;
				SWIFT_VERSION = 5.0;
				TARGETED_DEVICE_FAMILY = "1,2";
			};
			name = Release;
		};
/* End XCBuildConfiguration section */

/* Begin XCConfigurationList section */
		E12638EA278EF16000774AE0 /* Build configuration list for PBXProject "SverigesRadioApp-SwiftUI" */ = {
			isa = XCConfigurationList;
			buildConfigurations = (
				E12638FB278EF16300774AE0 /* Debug */,
				E12638FC278EF16300774AE0 /* Release */,
			);
			defaultConfigurationIsVisible = 0;
			defaultConfigurationName = Release;
		};
		E12638FD278EF16300774AE0 /* Build configuration list for PBXNativeTarget "SverigesRadioApp-SwiftUI" */ = {
			isa = XCConfigurationList;
			buildConfigurations = (
				E12638FE278EF16300774AE0 /* Debug */,
				E12638FF278EF16300774AE0 /* Release */,
			);
			defaultConfigurationIsVisible = 0;
			defaultConfigurationName = Release;
		};
/* End XCConfigurationList section */

/* Begin XCRemoteSwiftPackageReference section */
		E140EBDE27B2AECB00567B49 /* XCRemoteSwiftPackageReference "KingFisher" */ = {
			isa = XCRemoteSwiftPackageReference;
			repositoryURL = "https://github.com/onevcat/KingFisher.git";
			requirement = {
				branch = master;
				kind = branch;
			};
		};
		E19C4E6D2791ED54003A980A /* XCRemoteSwiftPackageReference "SDWebImageSwiftUI" */ = {
			isa = XCRemoteSwiftPackageReference;
			repositoryURL = "https://github.com/SDWebImage/SDWebImageSwiftUI.git";
			requirement = {
				branch = master;
				kind = branch;
			};
		};
		E19C4E8127943390003A980A /* XCRemoteSwiftPackageReference "firebase-ios-sdk" */ = {
			isa = XCRemoteSwiftPackageReference;
			repositoryURL = "https://github.com/firebase/firebase-ios-sdk";
			requirement = {
				branch = master;
				kind = branch;
			};
		};
/* End XCRemoteSwiftPackageReference section */

/* Begin XCSwiftPackageProductDependency section */
		E140EBDF27B2AECC00567B49 /* Kingfisher */ = {
			isa = XCSwiftPackageProductDependency;
			package = E140EBDE27B2AECB00567B49 /* XCRemoteSwiftPackageReference "KingFisher" */;
			productName = Kingfisher;
		};
		E19C4E6E2791ED54003A980A /* SDWebImageSwiftUI */ = {
			isa = XCSwiftPackageProductDependency;
			package = E19C4E6D2791ED54003A980A /* XCRemoteSwiftPackageReference "SDWebImageSwiftUI" */;
			productName = SDWebImageSwiftUI;
		};
		E19C4E8227943390003A980A /* FirebaseAuth */ = {
			isa = XCSwiftPackageProductDependency;
			package = E19C4E8127943390003A980A /* XCRemoteSwiftPackageReference "firebase-ios-sdk" */;
			productName = FirebaseAuth;
		};
		E19C4E8427943390003A980A /* FirebaseFirestore */ = {
			isa = XCSwiftPackageProductDependency;
			package = E19C4E8127943390003A980A /* XCRemoteSwiftPackageReference "firebase-ios-sdk" */;
			productName = FirebaseFirestore;
		};
		E19C4E8627943390003A980A /* FirebaseFirestoreSwift-Beta */ = {
			isa = XCSwiftPackageProductDependency;
			package = E19C4E8127943390003A980A /* XCRemoteSwiftPackageReference "firebase-ios-sdk" */;
			productName = "FirebaseFirestoreSwift-Beta";
		};
		E19C4E8827943390003A980A /* FirebaseStorage */ = {
			isa = XCSwiftPackageProductDependency;
			package = E19C4E8127943390003A980A /* XCRemoteSwiftPackageReference "firebase-ios-sdk" */;
			productName = FirebaseStorage;
		};
/* End XCSwiftPackageProductDependency section */
	};
	rootObject = E12638E7278EF16000774AE0 /* Project object */;
}
